// !$*UTF8*$!
{
	archiveVersion = 1;
	classes = {
	};
	objectVersion = 50;
	objects = {

/* Begin PBXBuildFile section */
		2E0E6AFA225CF8EC00E47CB6 /* homeViewController.m in Sources */ = {isa = PBXBuildFile; fileRef = 2E0E6AF9225CF8EC00E47CB6 /* homeViewController.m */; };
		2E33CDCC225CCCF700E951C1 /* FirstViewController.m in Sources */ = {isa = PBXBuildFile; fileRef = 2E33CDCA225CCCF700E951C1 /* FirstViewController.m */; };
		2E33CDCF225CD05C00E951C1 /* ThirdViewController.m in Sources */ = {isa = PBXBuildFile; fileRef = 2E33CDCE225CD05C00E951C1 /* ThirdViewController.m */; };
		3106FCA422526AFF000E4EFB /* SimulationViewController.swift in Sources */ = {isa = PBXBuildFile; fileRef = 3106FCA322526AFF000E4EFB /* SimulationViewController.swift */; };
		3106FCA722526D03000E4EFB /* MapKit.framework in Frameworks */ = {isa = PBXBuildFile; fileRef = 3106FCA622526D02000E4EFB /* MapKit.framework */; settings = {ATTRIBUTES = (Required, ); }; };
		31D18A61224D213700BF0744 /* AppDelegate.swift in Sources */ = {isa = PBXBuildFile; fileRef = 31D18A60224D213700BF0744 /* AppDelegate.swift */; };
		31D18A65224D213700BF0744 /* SecondViewController.swift in Sources */ = {isa = PBXBuildFile; fileRef = 31D18A64224D213700BF0744 /* SecondViewController.swift */; };
		31D18A68224D213700BF0744 /* Main.storyboard in Resources */ = {isa = PBXBuildFile; fileRef = 31D18A66224D213700BF0744 /* Main.storyboard */; };
		31D18A6A224D213B00BF0744 /* Assets.xcassets in Resources */ = {isa = PBXBuildFile; fileRef = 31D18A69224D213B00BF0744 /* Assets.xcassets */; };
		31D18A6D224D213B00BF0744 /* LaunchScreen.storyboard in Resources */ = {isa = PBXBuildFile; fileRef = 31D18A6B224D213B00BF0744 /* LaunchScreen.storyboard */; };
		31D18A78224D213C00BF0744 /* testTests.swift in Sources */ = {isa = PBXBuildFile; fileRef = 31D18A77224D213C00BF0744 /* testTests.swift */; };
		31D18A83224D213C00BF0744 /* testUITests.swift in Sources */ = {isa = PBXBuildFile; fileRef = 31D18A82224D213C00BF0744 /* testUITests.swift */; };
/* End PBXBuildFile section */

/* Begin PBXContainerItemProxy section */
		31D18A74224D213C00BF0744 /* PBXContainerItemProxy */ = {
			isa = PBXContainerItemProxy;
			containerPortal = 31D18A55224D213600BF0744 /* Project object */;
			proxyType = 1;
			remoteGlobalIDString = 31D18A5C224D213700BF0744;
			remoteInfo = test;
		};
		31D18A7F224D213C00BF0744 /* PBXContainerItemProxy */ = {
			isa = PBXContainerItemProxy;
			containerPortal = 31D18A55224D213600BF0744 /* Project object */;
			proxyType = 1;
			remoteGlobalIDString = 31D18A5C224D213700BF0744;
			remoteInfo = test;
		};
/* End PBXContainerItemProxy section */

/* Begin PBXFileReference section */
		2E0E6AF8225CF8EC00E47CB6 /* homeViewController.h */ = {isa = PBXFileReference; lastKnownFileType = sourcecode.c.h; path = homeViewController.h; sourceTree = "<group>"; };
		2E0E6AF9225CF8EC00E47CB6 /* homeViewController.m */ = {isa = PBXFileReference; lastKnownFileType = sourcecode.c.objc; path = homeViewController.m; sourceTree = "<group>"; };
		2E33CD38225CC2A500E951C1 /* test-Bridging-Header.h */ = {isa = PBXFileReference; lastKnownFileType = sourcecode.c.h; path = "test-Bridging-Header.h"; sourceTree = "<group>"; };
		2E33CDCA225CCCF700E951C1 /* FirstViewController.m */ = {isa = PBXFileReference; fileEncoding = 4; lastKnownFileType = sourcecode.c.objc; path = FirstViewController.m; sourceTree = "<group>"; };
		2E33CDCB225CCCF700E951C1 /* FirstViewController.h */ = {isa = PBXFileReference; fileEncoding = 4; lastKnownFileType = sourcecode.c.h; path = FirstViewController.h; sourceTree = "<group>"; };
		2E33CDCD225CD05C00E951C1 /* ThirdViewController.h */ = {isa = PBXFileReference; fileEncoding = 4; lastKnownFileType = sourcecode.c.h; path = ThirdViewController.h; sourceTree = "<group>"; };
		2E33CDCE225CD05C00E951C1 /* ThirdViewController.m */ = {isa = PBXFileReference; fileEncoding = 4; lastKnownFileType = sourcecode.c.objc; path = ThirdViewController.m; sourceTree = "<group>"; };
		3106FCA322526AFF000E4EFB /* SimulationViewController.swift */ = {isa = PBXFileReference; lastKnownFileType = sourcecode.swift; path = SimulationViewController.swift; sourceTree = "<group>"; };
		3106FCA622526D02000E4EFB /* MapKit.framework */ = {isa = PBXFileReference; lastKnownFileType = wrapper.framework; name = MapKit.framework; path = System/Library/Frameworks/MapKit.framework; sourceTree = SDKROOT; };
		31D18A5D224D213700BF0744 /* test.app */ = {isa = PBXFileReference; explicitFileType = wrapper.application; includeInIndex = 0; path = test.app; sourceTree = BUILT_PRODUCTS_DIR; };
		31D18A60224D213700BF0744 /* AppDelegate.swift */ = {isa = PBXFileReference; lastKnownFileType = sourcecode.swift; path = AppDelegate.swift; sourceTree = "<group>"; };
		31D18A64224D213700BF0744 /* SecondViewController.swift */ = {isa = PBXFileReference; lastKnownFileType = sourcecode.swift; path = SecondViewController.swift; sourceTree = "<group>"; };
		31D18A67224D213700BF0744 /* Base */ = {isa = PBXFileReference; lastKnownFileType = file.storyboard; name = Base; path = Base.lproj/Main.storyboard; sourceTree = "<group>"; };
		31D18A69224D213B00BF0744 /* Assets.xcassets */ = {isa = PBXFileReference; lastKnownFileType = folder.assetcatalog; path = Assets.xcassets; sourceTree = "<group>"; };
		31D18A6C224D213B00BF0744 /* Base */ = {isa = PBXFileReference; lastKnownFileType = file.storyboard; name = Base; path = Base.lproj/LaunchScreen.storyboard; sourceTree = "<group>"; };
		31D18A6E224D213B00BF0744 /* Info.plist */ = {isa = PBXFileReference; lastKnownFileType = text.plist.xml; path = Info.plist; sourceTree = "<group>"; };
		31D18A73224D213C00BF0744 /* testTests.xctest */ = {isa = PBXFileReference; explicitFileType = wrapper.cfbundle; includeInIndex = 0; path = testTests.xctest; sourceTree = BUILT_PRODUCTS_DIR; };
		31D18A77224D213C00BF0744 /* testTests.swift */ = {isa = PBXFileReference; lastKnownFileType = sourcecode.swift; path = testTests.swift; sourceTree = "<group>"; };
		31D18A79224D213C00BF0744 /* Info.plist */ = {isa = PBXFileReference; lastKnownFileType = text.plist.xml; path = Info.plist; sourceTree = "<group>"; };
		31D18A7E224D213C00BF0744 /* testUITests.xctest */ = {isa = PBXFileReference; explicitFileType = wrapper.cfbundle; includeInIndex = 0; path = testUITests.xctest; sourceTree = BUILT_PRODUCTS_DIR; };
		31D18A82224D213C00BF0744 /* testUITests.swift */ = {isa = PBXFileReference; lastKnownFileType = sourcecode.swift; path = testUITests.swift; sourceTree = "<group>"; };
		31D18A84224D213C00BF0744 /* Info.plist */ = {isa = PBXFileReference; lastKnownFileType = text.plist.xml; path = Info.plist; sourceTree = "<group>"; };
/* End PBXFileReference section */

/* Begin PBXFrameworksBuildPhase section */
		31D18A5A224D213700BF0744 /* Frameworks */ = {
			isa = PBXFrameworksBuildPhase;
			buildActionMask = 2147483647;
			files = (
				3106FCA722526D03000E4EFB /* MapKit.framework in Frameworks */,
			);
			runOnlyForDeploymentPostprocessing = 0;
		};
		31D18A70224D213C00BF0744 /* Frameworks */ = {
			isa = PBXFrameworksBuildPhase;
			buildActionMask = 2147483647;
			files = (
			);
			runOnlyForDeploymentPostprocessing = 0;
		};
		31D18A7B224D213C00BF0744 /* Frameworks */ = {
			isa = PBXFrameworksBuildPhase;
			buildActionMask = 2147483647;
			files = (
			);
			runOnlyForDeploymentPostprocessing = 0;
		};
/* End PBXFrameworksBuildPhase section */

/* Begin PBXGroup section */
		3106FCA522526D02000E4EFB /* Frameworks */ = {
			isa = PBXGroup;
			children = (
				3106FCA622526D02000E4EFB /* MapKit.framework */,
			);
			name = Frameworks;
			sourceTree = "<group>";
		};
		31D18A54224D213600BF0744 = {
			isa = PBXGroup;
			children = (
				31D18A5F224D213700BF0744 /* test */,
				31D18A76224D213C00BF0744 /* testTests */,
				31D18A81224D213C00BF0744 /* testUITests */,
				31D18A5E224D213700BF0744 /* Products */,
				3106FCA522526D02000E4EFB /* Frameworks */,
			);
			sourceTree = "<group>";
		};
		31D18A5E224D213700BF0744 /* Products */ = {
			isa = PBXGroup;
			children = (
				31D18A5D224D213700BF0744 /* test.app */,
				31D18A73224D213C00BF0744 /* testTests.xctest */,
				31D18A7E224D213C00BF0744 /* testUITests.xctest */,
			);
			name = Products;
			sourceTree = "<group>";
		};
		31D18A5F224D213700BF0744 /* test */ = {
			isa = PBXGroup;
			children = (
				2E33CDCD225CD05C00E951C1 /* ThirdViewController.h */,
				2E33CDCE225CD05C00E951C1 /* ThirdViewController.m */,
				2E33CDCB225CCCF700E951C1 /* FirstViewController.h */,
				2E33CDCA225CCCF700E951C1 /* FirstViewController.m */,
				31D18A60224D213700BF0744 /* AppDelegate.swift */,
				31D18A64224D213700BF0744 /* SecondViewController.swift */,
				31D18A66224D213700BF0744 /* Main.storyboard */,
				31D18A69224D213B00BF0744 /* Assets.xcassets */,
				31D18A6B224D213B00BF0744 /* LaunchScreen.storyboard */,
				31D18A6E224D213B00BF0744 /* Info.plist */,
				3106FCA322526AFF000E4EFB /* SimulationViewController.swift */,
				2E33CD38225CC2A500E951C1 /* test-Bridging-Header.h */,
				2E0E6AF8225CF8EC00E47CB6 /* homeViewController.h */,
				2E0E6AF9225CF8EC00E47CB6 /* homeViewController.m */,
			);
			path = test;
			sourceTree = "<group>";
		};
		31D18A76224D213C00BF0744 /* testTests */ = {
			isa = PBXGroup;
			children = (
				31D18A77224D213C00BF0744 /* testTests.swift */,
				31D18A79224D213C00BF0744 /* Info.plist */,
			);
			path = testTests;
			sourceTree = "<group>";
		};
		31D18A81224D213C00BF0744 /* testUITests */ = {
			isa = PBXGroup;
			children = (
				31D18A82224D213C00BF0744 /* testUITests.swift */,
				31D18A84224D213C00BF0744 /* Info.plist */,
			);
			path = testUITests;
			sourceTree = "<group>";
		};
/* End PBXGroup section */

/* Begin PBXNativeTarget section */
		31D18A5C224D213700BF0744 /* test */ = {
			isa = PBXNativeTarget;
			buildConfigurationList = 31D18A87224D213C00BF0744 /* Build configuration list for PBXNativeTarget "test" */;
			buildPhases = (
				31D18A59224D213700BF0744 /* Sources */,
				31D18A5A224D213700BF0744 /* Frameworks */,
				31D18A5B224D213700BF0744 /* Resources */,
			);
			buildRules = (
			);
			dependencies = (
			);
			name = test;
			productName = test;
			productReference = 31D18A5D224D213700BF0744 /* test.app */;
			productType = "com.apple.product-type.application";
		};
		31D18A72224D213C00BF0744 /* testTests */ = {
			isa = PBXNativeTarget;
			buildConfigurationList = 31D18A8A224D213C00BF0744 /* Build configuration list for PBXNativeTarget "testTests" */;
			buildPhases = (
				31D18A6F224D213C00BF0744 /* Sources */,
				31D18A70224D213C00BF0744 /* Frameworks */,
				31D18A71224D213C00BF0744 /* Resources */,
			);
			buildRules = (
			);
			dependencies = (
				31D18A75224D213C00BF0744 /* PBXTargetDependency */,
			);
			name = testTests;
			productName = testTests;
			productReference = 31D18A73224D213C00BF0744 /* testTests.xctest */;
			productType = "com.apple.product-type.bundle.unit-test";
		};
		31D18A7D224D213C00BF0744 /* testUITests */ = {
			isa = PBXNativeTarget;
			buildConfigurationList = 31D18A8D224D213C00BF0744 /* Build configuration list for PBXNativeTarget "testUITests" */;
			buildPhases = (
				31D18A7A224D213C00BF0744 /* Sources */,
				31D18A7B224D213C00BF0744 /* Frameworks */,
				31D18A7C224D213C00BF0744 /* Resources */,
			);
			buildRules = (
			);
			dependencies = (
				31D18A80224D213C00BF0744 /* PBXTargetDependency */,
			);
			name = testUITests;
			productName = testUITests;
			productReference = 31D18A7E224D213C00BF0744 /* testUITests.xctest */;
			productType = "com.apple.product-type.bundle.ui-testing";
		};
/* End PBXNativeTarget section */

/* Begin PBXProject section */
		31D18A55224D213600BF0744 /* Project object */ = {
			isa = PBXProject;
			attributes = {
				LastSwiftUpdateCheck = 0930;
				LastUpgradeCheck = 0930;
				ORGANIZATIONNAME = "Florian Rouillon";
				TargetAttributes = {
					31D18A5C224D213700BF0744 = {
						CreatedOnToolsVersion = 9.3;
						LastSwiftMigration = 0930;
					};
					31D18A72224D213C00BF0744 = {
						CreatedOnToolsVersion = 9.3;
						TestTargetID = 31D18A5C224D213700BF0744;
					};
					31D18A7D224D213C00BF0744 = {
						CreatedOnToolsVersion = 9.3;
						TestTargetID = 31D18A5C224D213700BF0744;
					};
				};
			};
			buildConfigurationList = 31D18A58224D213600BF0744 /* Build configuration list for PBXProject "test" */;
			compatibilityVersion = "Xcode 9.3";
			developmentRegion = en;
			hasScannedForEncodings = 0;
			knownRegions = (
				en,
				Base,
			);
			mainGroup = 31D18A54224D213600BF0744;
			productRefGroup = 31D18A5E224D213700BF0744 /* Products */;
			projectDirPath = "";
			projectRoot = "";
			targets = (
				31D18A5C224D213700BF0744 /* test */,
				31D18A72224D213C00BF0744 /* testTests */,
				31D18A7D224D213C00BF0744 /* testUITests */,
			);
		};
/* End PBXProject section */

/* Begin PBXResourcesBuildPhase section */
		31D18A5B224D213700BF0744 /* Resources */ = {
			isa = PBXResourcesBuildPhase;
			buildActionMask = 2147483647;
			files = (
				31D18A6D224D213B00BF0744 /* LaunchScreen.storyboard in Resources */,
				31D18A6A224D213B00BF0744 /* Assets.xcassets in Resources */,
				31D18A68224D213700BF0744 /* Main.storyboard in Resources */,
			);
			runOnlyForDeploymentPostprocessing = 0;
		};
		31D18A71224D213C00BF0744 /* Resources */ = {
			isa = PBXResourcesBuildPhase;
			buildActionMask = 2147483647;
			files = (
			);
			runOnlyForDeploymentPostprocessing = 0;
		};
		31D18A7C224D213C00BF0744 /* Resources */ = {
			isa = PBXResourcesBuildPhase;
			buildActionMask = 2147483647;
			files = (
			);
			runOnlyForDeploymentPostprocessing = 0;
		};
/* End PBXResourcesBuildPhase section */

/* Begin PBXSourcesBuildPhase section */
		31D18A59224D213700BF0744 /* Sources */ = {
			isa = PBXSourcesBuildPhase;
			buildActionMask = 2147483647;
			files = (
				31D18A65224D213700BF0744 /* SecondViewController.swift in Sources */,
				2E33CDCF225CD05C00E951C1 /* ThirdViewController.m in Sources */,
				31D18A61224D213700BF0744 /* AppDelegate.swift in Sources */,
				3106FCA422526AFF000E4EFB /* SimulationViewController.swift in Sources */,
				2E33CDCC225CCCF700E951C1 /* FirstViewController.m in Sources */,
				2E0E6AFA225CF8EC00E47CB6 /* homeViewController.m in Sources */,
			);
			runOnlyForDeploymentPostprocessing = 0;
		};
		31D18A6F224D213C00BF0744 /* Sources */ = {
			isa = PBXSourcesBuildPhase;
			buildActionMask = 2147483647;
			files = (
				31D18A78224D213C00BF0744 /* testTests.swift in Sources */,
			);
			runOnlyForDeploymentPostprocessing = 0;
		};
		31D18A7A224D213C00BF0744 /* Sources */ = {
			isa = PBXSourcesBuildPhase;
			buildActionMask = 2147483647;
			files = (
				31D18A83224D213C00BF0744 /* testUITests.swift in Sources */,
			);
			runOnlyForDeploymentPostprocessing = 0;
		};
/* End PBXSourcesBuildPhase section */

/* Begin PBXTargetDependency section */
		31D18A75224D213C00BF0744 /* PBXTargetDependency */ = {
			isa = PBXTargetDependency;
			target = 31D18A5C224D213700BF0744 /* test */;
			targetProxy = 31D18A74224D213C00BF0744 /* PBXContainerItemProxy */;
		};
		31D18A80224D213C00BF0744 /* PBXTargetDependency */ = {
			isa = PBXTargetDependency;
			target = 31D18A5C224D213700BF0744 /* test */;
			targetProxy = 31D18A7F224D213C00BF0744 /* PBXContainerItemProxy */;
		};
/* End PBXTargetDependency section */

/* Begin PBXVariantGroup section */
		31D18A66224D213700BF0744 /* Main.storyboard */ = {
			isa = PBXVariantGroup;
			children = (
				31D18A67224D213700BF0744 /* Base */,
			);
			name = Main.storyboard;
			sourceTree = "<group>";
		};
		31D18A6B224D213B00BF0744 /* LaunchScreen.storyboard */ = {
			isa = PBXVariantGroup;
			children = (
				31D18A6C224D213B00BF0744 /* Base */,
			);
			name = LaunchScreen.storyboard;
			sourceTree = "<group>";
		};
/* End PBXVariantGroup section */

/* Begin XCBuildConfiguration section */
		31D18A85224D213C00BF0744 /* Debug */ = {
			isa = XCBuildConfiguration;
			buildSettings = {
				ALWAYS_SEARCH_USER_PATHS = NO;
				CLANG_ANALYZER_NONNULL = YES;
				CLANG_ANALYZER_NUMBER_OBJECT_CONVERSION = YES_AGGRESSIVE;
				CLANG_CXX_LANGUAGE_STANDARD = "gnu++14";
				CLANG_CXX_LIBRARY = "libc++";
				CLANG_ENABLE_MODULES = YES;
				CLANG_ENABLE_OBJC_ARC = YES;
				CLANG_ENABLE_OBJC_WEAK = YES;
				CLANG_WARN_BLOCK_CAPTURE_AUTORELEASING = YES;
				CLANG_WARN_BOOL_CONVERSION = YES;
				CLANG_WARN_COMMA = YES;
				CLANG_WARN_CONSTANT_CONVERSION = YES;
				CLANG_WARN_DEPRECATED_OBJC_IMPLEMENTATIONS = YES;
				CLANG_WARN_DIRECT_OBJC_ISA_USAGE = YES_ERROR;
				CLANG_WARN_DOCUMENTATION_COMMENTS = YES;
				CLANG_WARN_EMPTY_BODY = YES;
				CLANG_WARN_ENUM_CONVERSION = YES;
				CLANG_WARN_INFINITE_RECURSION = YES;
				CLANG_WARN_INT_CONVERSION = YES;
				CLANG_WARN_NON_LITERAL_NULL_CONVERSION = YES;
				CLANG_WARN_OBJC_IMPLICIT_RETAIN_SELF = YES;
				CLANG_WARN_OBJC_LITERAL_CONVERSION = YES;
				CLANG_WARN_OBJC_ROOT_CLASS = YES_ERROR;
				CLANG_WARN_RANGE_LOOP_ANALYSIS = YES;
				CLANG_WARN_STRICT_PROTOTYPES = YES;
				CLANG_WARN_SUSPICIOUS_MOVE = YES;
				CLANG_WARN_UNGUARDED_AVAILABILITY = YES_AGGRESSIVE;
				CLANG_WARN_UNREACHABLE_CODE = YES;
				CLANG_WARN__DUPLICATE_METHOD_MATCH = YES;
				CODE_SIGN_IDENTITY = "iPhone Developer";
				COPY_PHASE_STRIP = NO;
				DEBUG_INFORMATION_FORMAT = dwarf;
				ENABLE_STRICT_OBJC_MSGSEND = YES;
				ENABLE_TESTABILITY = YES;
				GCC_C_LANGUAGE_STANDARD = gnu11;
				GCC_DYNAMIC_NO_PIC = NO;
				GCC_NO_COMMON_BLOCKS = YES;
				GCC_OPTIMIZATION_LEVEL = 0;
				GCC_PREPROCESSOR_DEFINITIONS = (
					"DEBUG=1",
					"$(inherited)",
				);
				GCC_WARN_64_TO_32_BIT_CONVERSION = YES;
				GCC_WARN_ABOUT_RETURN_TYPE = YES_ERROR;
				GCC_WARN_UNDECLARED_SELECTOR = YES;
				GCC_WARN_UNINITIALIZED_AUTOS = YES_AGGRESSIVE;
				GCC_WARN_UNUSED_FUNCTION = YES;
				GCC_WARN_UNUSED_VARIABLE = YES;
				IPHONEOS_DEPLOYMENT_TARGET = 11.3;
				MTL_ENABLE_DEBUG_INFO = YES;
				ONLY_ACTIVE_ARCH = YES;
				SDKROOT = iphoneos;
				SWIFT_ACTIVE_COMPILATION_CONDITIONS = DEBUG;
				SWIFT_OPTIMIZATION_LEVEL = "-Onone";
			};
			name = Debug;
		};
		31D18A86224D213C00BF0744 /* Release */ = {
			isa = XCBuildConfiguration;
			buildSettings = {
				ALWAYS_SEARCH_USER_PATHS = NO;
				CLANG_ANALYZER_NONNULL = YES;
				CLANG_ANALYZER_NUMBER_OBJECT_CONVERSION = YES_AGGRESSIVE;
				CLANG_CXX_LANGUAGE_STANDARD = "gnu++14";
				CLANG_CXX_LIBRARY = "libc++";
				CLANG_ENABLE_MODULES = YES;
				CLANG_ENABLE_OBJC_ARC = YES;
				CLANG_ENABLE_OBJC_WEAK = YES;
				CLANG_WARN_BLOCK_CAPTURE_AUTORELEASING = YES;
				CLANG_WARN_BOOL_CONVERSION = YES;
				CLANG_WARN_COMMA = YES;
				CLANG_WARN_CONSTANT_CONVERSION = YES;
				CLANG_WARN_DEPRECATED_OBJC_IMPLEMENTATIONS = YES;
				CLANG_WARN_DIRECT_OBJC_ISA_USAGE = YES_ERROR;
				CLANG_WARN_DOCUMENTATION_COMMENTS = YES;
				CLANG_WARN_EMPTY_BODY = YES;
				CLANG_WARN_ENUM_CONVERSION = YES;
				CLANG_WARN_INFINITE_RECURSION = YES;
				CLANG_WARN_INT_CONVERSION = YES;
				CLANG_WARN_NON_LITERAL_NULL_CONVERSION = YES;
				CLANG_WARN_OBJC_IMPLICIT_RETAIN_SELF = YES;
				CLANG_WARN_OBJC_LITERAL_CONVERSION = YES;
				CLANG_WARN_OBJC_ROOT_CLASS = YES_ERROR;
				CLANG_WARN_RANGE_LOOP_ANALYSIS = YES;
				CLANG_WARN_STRICT_PROTOTYPES = YES;
				CLANG_WARN_SUSPICIOUS_MOVE = YES;
				CLANG_WARN_UNGUARDED_AVAILABILITY = YES_AGGRESSIVE;
				CLANG_WARN_UNREACHABLE_CODE = YES;
				CLANG_WARN__DUPLICATE_METHOD_MATCH = YES;
				CODE_SIGN_IDENTITY = "iPhone Developer";
				COPY_PHASE_STRIP = NO;
				DEBUG_INFORMATION_FORMAT = "dwarf-with-dsym";
				ENABLE_NS_ASSERTIONS = NO;
				ENABLE_STRICT_OBJC_MSGSEND = YES;
				GCC_C_LANGUAGE_STANDARD = gnu11;
				GCC_NO_COMMON_BLOCKS = YES;
				GCC_WARN_64_TO_32_BIT_CONVERSION = YES;
				GCC_WARN_ABOUT_RETURN_TYPE = YES_ERROR;
				GCC_WARN_UNDECLARED_SELECTOR = YES;
				GCC_WARN_UNINITIALIZED_AUTOS = YES_AGGRESSIVE;
				GCC_WARN_UNUSED_FUNCTION = YES;
				GCC_WARN_UNUSED_VARIABLE = YES;
				IPHONEOS_DEPLOYMENT_TARGET = 11.3;
				MTL_ENABLE_DEBUG_INFO = NO;
				SDKROOT = iphoneos;
				SWIFT_COMPILATION_MODE = wholemodule;
				SWIFT_OPTIMIZATION_LEVEL = "-O";
				VALIDATE_PRODUCT = YES;
			};
			name = Release;
		};
		31D18A88224D213C00BF0744 /* Debug */ = {
			isa = XCBuildConfiguration;
			buildSettings = {
				ASSETCATALOG_COMPILER_APPICON_NAME = AppIcon;
				CLANG_ENABLE_MODULES = YES;
				CODE_SIGN_STYLE = Automatic;
				DEVELOPMENT_TEAM = "";
				INFOPLIST_FILE = test/Info.plist;
				IPHONEOS_DEPLOYMENT_TARGET = 11.3;
				LD_RUNPATH_SEARCH_PATHS = (
					"$(inherited)",
					"@executable_path/Frameworks",
				);
				PRODUCT_BUNDLE_IDENTIFIER = ProjetGPS;
				PRODUCT_NAME = "$(TARGET_NAME)";
				SWIFT_OBJC_BRIDGING_HEADER = "test/test-Bridging-Header.h";
				SWIFT_OPTIMIZATION_LEVEL = "-Onone";
				SWIFT_VERSION = 4.0;
				TARGETED_DEVICE_FAMILY = "1,2";
			};
			name = Debug;
		};
		31D18A89224D213C00BF0744 /* Release */ = {
			isa = XCBuildConfiguration;
			buildSettings = {
				ASSETCATALOG_COMPILER_APPICON_NAME = AppIcon;
				CLANG_ENABLE_MODULES = YES;
				CODE_SIGN_STYLE = Automatic;
				DEVELOPMENT_TEAM = "";
				INFOPLIST_FILE = test/Info.plist;
				IPHONEOS_DEPLOYMENT_TARGET = 11.3;
				LD_RUNPATH_SEARCH_PATHS = (
					"$(inherited)",
					"@executable_path/Frameworks",
				);
				PRODUCT_BUNDLE_IDENTIFIER = ProjetGPS;
				PRODUCT_NAME = "$(TARGET_NAME)";
				SWIFT_OBJC_BRIDGING_HEADER = "test/test-Bridging-Header.h";
				SWIFT_VERSION = 4.0;
				TARGETED_DEVICE_FAMILY = "1,2";
			};
			name = Release;
		};
		31D18A8B224D213C00BF0744 /* Debug */ = {
			isa = XCBuildConfiguration;
			buildSettings = {
				ALWAYS_EMBED_SWIFT_STANDARD_LIBRARIES = YES;
				BUNDLE_LOADER = "$(TEST_HOST)";
				CODE_SIGN_STYLE = Automatic;
				INFOPLIST_FILE = testTests/Info.plist;
				LD_RUNPATH_SEARCH_PATHS = (
					"$(inherited)",
					"@executable_path/Frameworks",
					"@loader_path/Frameworks",
				);
				PRODUCT_BUNDLE_IDENTIFIER = projet.testTests;
				PRODUCT_NAME = "$(TARGET_NAME)";
				SWIFT_VERSION = 4.0;
				TARGETED_DEVICE_FAMILY = "1,2";
				TEST_HOST = "$(BUILT_PRODUCTS_DIR)/test.app/test";
			};
			name = Debug;
		};
		31D18A8C224D213C00BF0744 /* Release */ = {
			isa = XCBuildConfiguration;
			buildSettings = {
				ALWAYS_EMBED_SWIFT_STANDARD_LIBRARIES = YES;
				BUNDLE_LOADER = "$(TEST_HOST)";
				CODE_SIGN_STYLE = Automatic;
				INFOPLIST_FILE = testTests/Info.plist;
				LD_RUNPATH_SEARCH_PATHS = (
					"$(inherited)",
					"@executable_path/Frameworks",
					"@loader_path/Frameworks",
				);
				PRODUCT_BUNDLE_IDENTIFIER = projet.testTests;
				PRODUCT_NAME = "$(TARGET_NAME)";
				SWIFT_VERSION = 4.0;
				TARGETED_DEVICE_FAMILY = "1,2";
				TEST_HOST = "$(BUILT_PRODUCTS_DIR)/test.app/test";
			};
			name = Release;
		};
		31D18A8E224D213C00BF0744 /* Debug */ = {
			isa = XCBuildConfiguration;
			buildSettings = {
				ALWAYS_EMBED_SWIFT_STANDARD_LIBRARIES = YES;
				CODE_SIGN_STYLE = Automatic;
				INFOPLIST_FILE = testUITests/Info.plist;
				LD_RUNPATH_SEARCH_PATHS = (
					"$(inherited)",
					"@executable_path/Frameworks",
					"@loader_path/Frameworks",
				);
				PRODUCT_BUNDLE_IDENTIFIER = projet.testUITests;
				PRODUCT_NAME = "$(TARGET_NAME)";
				SWIFT_VERSION = 4.0;
				TARGETED_DEVICE_FAMILY = "1,2";
				TEST_TARGET_NAME = test;
			};
			name = Debug;
		};
		31D18A8F224D213C00BF0744 /* Release */ = {
			isa = XCBuildConfiguration;
			buildSettings = {
				ALWAYS_EMBED_SWIFT_STANDARD_LIBRARIES = YES;
				CODE_SIGN_STYLE = Automatic;
				INFOPLIST_FILE = testUITests/Info.plist;
				LD_RUNPATH_SEARCH_PATHS = (
					"$(inherited)",
					"@executable_path/Frameworks",
					"@loader_path/Frameworks",
				);
				PRODUCT_BUNDLE_IDENTIFIER = projet.testUITests;
				PRODUCT_NAME = "$(TARGET_NAME)";
				SWIFT_VERSION = 4.0;
				TARGETED_DEVICE_FAMILY = "1,2";
				TEST_TARGET_NAME = test;
			};
			name = Release;
		};
/* End XCBuildConfiguration section */

/* Begin XCConfigurationList section */
		31D18A58224D213600BF0744 /* Build configuration list for PBXProject "test" */ = {
			isa = XCConfigurationList;
			buildConfigurations = (
				31D18A85224D213C00BF0744 /* Debug */,
				31D18A86224D213C00BF0744 /* Release */,
			);
			defaultConfigurationIsVisible = 0;
			defaultConfigurationName = Release;
		};
		31D18A87224D213C00BF0744 /* Build configuration list for PBXNativeTarget "test" */ = {
			isa = XCConfigurationList;
			buildConfigurations = (
				31D18A88224D213C00BF0744 /* Debug */,
				31D18A89224D213C00BF0744 /* Release */,
			);
			defaultConfigurationIsVisible = 0;
			defaultConfigurationName = Release;
		};
		31D18A8A224D213C00BF0744 /* Build configuration list for PBXNativeTarget "testTests" */ = {
			isa = XCConfigurationList;
			buildConfigurations = (
				31D18A8B224D213C00BF0744 /* Debug */,
				31D18A8C224D213C00BF0744 /* Release */,
			);
			defaultConfigurationIsVisible = 0;
			defaultConfigurationName = Release;
		};
		31D18A8D224D213C00BF0744 /* Build configuration list for PBXNativeTarget "testUITests" */ = {
			isa = XCConfigurationList;
			buildConfigurations = (
				31D18A8E224D213C00BF0744 /* Debug */,
				31D18A8F224D213C00BF0744 /* Release */,
			);
			defaultConfigurationIsVisible = 0;
			defaultConfigurationName = Release;
		};
/* End XCConfigurationList section */
	};
	rootObject = 31D18A55224D213600BF0744 /* Project object */;
}
