// !$*UTF8*$!
{
	archiveVersion = 1;
	classes = {
	};
	objectVersion = 50;
	objects = {

/* Begin PBXBuildFile section */
		2E819E052248C03D0067019A /* AppDelegate.m in Sources */ = {isa = PBXBuildFile; fileRef = 2E819E042248C03D0067019A /* AppDelegate.m */; };
		2E819E082248C03D0067019A /* FirstViewController.m in Sources */ = {isa = PBXBuildFile; fileRef = 2E819E072248C03D0067019A /* FirstViewController.m */; };
		2E819E0B2248C03D0067019A /* SecondViewController.m in Sources */ = {isa = PBXBuildFile; fileRef = 2E819E0A2248C03D0067019A /* SecondViewController.m */; };
		2E819E0E2248C03D0067019A /* Main.storyboard in Resources */ = {isa = PBXBuildFile; fileRef = 2E819E0C2248C03D0067019A /* Main.storyboard */; };
		2E819E102248C0480067019A /* Assets.xcassets in Resources */ = {isa = PBXBuildFile; fileRef = 2E819E0F2248C0480067019A /* Assets.xcassets */; };
		2E819E132248C0480067019A /* LaunchScreen.storyboard in Resources */ = {isa = PBXBuildFile; fileRef = 2E819E112248C0480067019A /* LaunchScreen.storyboard */; };
		2E819E162248C0480067019A /* main.m in Sources */ = {isa = PBXBuildFile; fileRef = 2E819E152248C0480067019A /* main.m */; };
		2E819E202248C0480067019A /* ProjetGPSTests.m in Sources */ = {isa = PBXBuildFile; fileRef = 2E819E1F2248C0480067019A /* ProjetGPSTests.m */; };
		2E819E2B2248C0480067019A /* ProjetGPSUITests.m in Sources */ = {isa = PBXBuildFile; fileRef = 2E819E2A2248C0480067019A /* ProjetGPSUITests.m */; };
		2ED124E6224A6A1F004A2D18 /* MapKit.framework in Frameworks */ = {isa = PBXBuildFile; fileRef = 2ED124E5224A6A1F004A2D18 /* MapKit.framework */; };
/* End PBXBuildFile section */

/* Begin PBXContainerItemProxy section */
		2E819E1C2248C0480067019A /* PBXContainerItemProxy */ = {
			isa = PBXContainerItemProxy;
			containerPortal = 2E819DF82248C03D0067019A /* Project object */;
			proxyType = 1;
			remoteGlobalIDString = 2E819DFF2248C03D0067019A;
			remoteInfo = ProjetGPS;
		};
		2E819E272248C0480067019A /* PBXContainerItemProxy */ = {
			isa = PBXContainerItemProxy;
			containerPortal = 2E819DF82248C03D0067019A /* Project object */;
			proxyType = 1;
			remoteGlobalIDString = 2E819DFF2248C03D0067019A;
			remoteInfo = ProjetGPS;
		};
/* End PBXContainerItemProxy section */

/* Begin PBXFileReference section */
		2E819E002248C03D0067019A /* ProjetGPS.app */ = {isa = PBXFileReference; explicitFileType = wrapper.application; includeInIndex = 0; path = ProjetGPS.app; sourceTree = BUILT_PRODUCTS_DIR; };
		2E819E032248C03D0067019A /* AppDelegate.h */ = {isa = PBXFileReference; lastKnownFileType = sourcecode.c.h; path = AppDelegate.h; sourceTree = "<group>"; };
		2E819E042248C03D0067019A /* AppDelegate.m */ = {isa = PBXFileReference; lastKnownFileType = sourcecode.c.objc; path = AppDelegate.m; sourceTree = "<group>"; };
		2E819E062248C03D0067019A /* FirstViewController.h */ = {isa = PBXFileReference; lastKnownFileType = sourcecode.c.h; path = FirstViewController.h; sourceTree = "<group>"; };
		2E819E072248C03D0067019A /* FirstViewController.m */ = {isa = PBXFileReference; lastKnownFileType = sourcecode.c.objc; path = FirstViewController.m; sourceTree = "<group>"; };
		2E819E092248C03D0067019A /* SecondViewController.h */ = {isa = PBXFileReference; lastKnownFileType = sourcecode.c.h; path = SecondViewController.h; sourceTree = "<group>"; };
		2E819E0A2248C03D0067019A /* SecondViewController.m */ = {isa = PBXFileReference; lastKnownFileType = sourcecode.c.objc; path = SecondViewController.m; sourceTree = "<group>"; };
		2E819E0D2248C03D0067019A /* Base */ = {isa = PBXFileReference; lastKnownFileType = file.storyboard; name = Base; path = Base.lproj/Main.storyboard; sourceTree = "<group>"; };
		2E819E0F2248C0480067019A /* Assets.xcassets */ = {isa = PBXFileReference; lastKnownFileType = folder.assetcatalog; path = Assets.xcassets; sourceTree = "<group>"; };
		2E819E122248C0480067019A /* Base */ = {isa = PBXFileReference; lastKnownFileType = file.storyboard; name = Base; path = Base.lproj/LaunchScreen.storyboard; sourceTree = "<group>"; };
		2E819E142248C0480067019A /* Info.plist */ = {isa = PBXFileReference; lastKnownFileType = text.plist.xml; path = Info.plist; sourceTree = "<group>"; };
		2E819E152248C0480067019A /* main.m */ = {isa = PBXFileReference; lastKnownFileType = sourcecode.c.objc; path = main.m; sourceTree = "<group>"; };
		2E819E1B2248C0480067019A /* ProjetGPSTests.xctest */ = {isa = PBXFileReference; explicitFileType = wrapper.cfbundle; includeInIndex = 0; path = ProjetGPSTests.xctest; sourceTree = BUILT_PRODUCTS_DIR; };
		2E819E1F2248C0480067019A /* ProjetGPSTests.m */ = {isa = PBXFileReference; lastKnownFileType = sourcecode.c.objc; path = ProjetGPSTests.m; sourceTree = "<group>"; };
		2E819E212248C0480067019A /* Info.plist */ = {isa = PBXFileReference; lastKnownFileType = text.plist.xml; path = Info.plist; sourceTree = "<group>"; };
		2E819E262248C0480067019A /* ProjetGPSUITests.xctest */ = {isa = PBXFileReference; explicitFileType = wrapper.cfbundle; includeInIndex = 0; path = ProjetGPSUITests.xctest; sourceTree = BUILT_PRODUCTS_DIR; };
		2E819E2A2248C0480067019A /* ProjetGPSUITests.m */ = {isa = PBXFileReference; lastKnownFileType = sourcecode.c.objc; path = ProjetGPSUITests.m; sourceTree = "<group>"; };
		2E819E2C2248C0480067019A /* Info.plist */ = {isa = PBXFileReference; lastKnownFileType = text.plist.xml; path = Info.plist; sourceTree = "<group>"; };
		2ED124E5224A6A1F004A2D18 /* MapKit.framework */ = {isa = PBXFileReference; lastKnownFileType = wrapper.framework; name = MapKit.framework; path = System/Library/Frameworks/MapKit.framework; sourceTree = SDKROOT; };
/* End PBXFileReference section */

/* Begin PBXFrameworksBuildPhase section */
		2E819DFD2248C03D0067019A /* Frameworks */ = {
			isa = PBXFrameworksBuildPhase;
			buildActionMask = 2147483647;
			files = (
				2ED124E6224A6A1F004A2D18 /* MapKit.framework in Frameworks */,
			);
			runOnlyForDeploymentPostprocessing = 0;
		};
		2E819E182248C0480067019A /* Frameworks */ = {
			isa = PBXFrameworksBuildPhase;
			buildActionMask = 2147483647;
			files = (
			);
			runOnlyForDeploymentPostprocessing = 0;
		};
		2E819E232248C0480067019A /* Frameworks */ = {
			isa = PBXFrameworksBuildPhase;
			buildActionMask = 2147483647;
			files = (
			);
			runOnlyForDeploymentPostprocessing = 0;
		};
/* End PBXFrameworksBuildPhase section */

/* Begin PBXGroup section */
		2E819DF72248C03D0067019A = {
			isa = PBXGroup;
			children = (
				2E819E022248C03D0067019A /* ProjetGPS */,
				2E819E1E2248C0480067019A /* ProjetGPSTests */,
				2E819E292248C0480067019A /* ProjetGPSUITests */,
				2E819E012248C03D0067019A /* Products */,
				2ED124E4224A6A1F004A2D18 /* Frameworks */,
			);
			sourceTree = "<group>";
		};
		2E819E012248C03D0067019A /* Products */ = {
			isa = PBXGroup;
			children = (
				2E819E002248C03D0067019A /* ProjetGPS.app */,
				2E819E1B2248C0480067019A /* ProjetGPSTests.xctest */,
				2E819E262248C0480067019A /* ProjetGPSUITests.xctest */,
			);
			name = Products;
			sourceTree = "<group>";
		};
		2E819E022248C03D0067019A /* ProjetGPS */ = {
			isa = PBXGroup;
			children = (
				2E819E032248C03D0067019A /* AppDelegate.h */,
				2E819E042248C03D0067019A /* AppDelegate.m */,
				2E819E062248C03D0067019A /* FirstViewController.h */,
				2E819E072248C03D0067019A /* FirstViewController.m */,
				2E819E092248C03D0067019A /* SecondViewController.h */,
				2E819E0A2248C03D0067019A /* SecondViewController.m */,
				2E819E0C2248C03D0067019A /* Main.storyboard */,
				2E819E0F2248C0480067019A /* Assets.xcassets */,
				2E819E112248C0480067019A /* LaunchScreen.storyboard */,
				2E819E142248C0480067019A /* Info.plist */,
				2E819E152248C0480067019A /* main.m */,
			);
			path = ProjetGPS;
			sourceTree = "<group>";
		};
		2E819E1E2248C0480067019A /* ProjetGPSTests */ = {
			isa = PBXGroup;
			children = (
				2E819E1F2248C0480067019A /* ProjetGPSTests.m */,
				2E819E212248C0480067019A /* Info.plist */,
			);
			path = ProjetGPSTests;
			sourceTree = "<group>";
		};
		2E819E292248C0480067019A /* ProjetGPSUITests */ = {
			isa = PBXGroup;
			children = (
				2E819E2A2248C0480067019A /* ProjetGPSUITests.m */,
				2E819E2C2248C0480067019A /* Info.plist */,
			);
			path = ProjetGPSUITests;
			sourceTree = "<group>";
		};
		2ED124E4224A6A1F004A2D18 /* Frameworks */ = {
			isa = PBXGroup;
			children = (
				2ED124E5224A6A1F004A2D18 /* MapKit.framework */,
			);
			name = Frameworks;
			sourceTree = "<group>";
		};
/* End PBXGroup section */

/* Begin PBXNativeTarget section */
		2E819DFF2248C03D0067019A /* ProjetGPS */ = {
			isa = PBXNativeTarget;
			buildConfigurationList = 2E819E2F2248C0480067019A /* Build configuration list for PBXNativeTarget "ProjetGPS" */;
			buildPhases = (
				2E819DFC2248C03D0067019A /* Sources */,
				2E819DFD2248C03D0067019A /* Frameworks */,
				2E819DFE2248C03D0067019A /* Resources */,
			);
			buildRules = (
			);
			dependencies = (
			);
			name = ProjetGPS;
			productName = ProjetGPS;
			productReference = 2E819E002248C03D0067019A /* ProjetGPS.app */;
			productType = "com.apple.product-type.application";
		};
		2E819E1A2248C0480067019A /* ProjetGPSTests */ = {
			isa = PBXNativeTarget;
			buildConfigurationList = 2E819E322248C0480067019A /* Build configuration list for PBXNativeTarget "ProjetGPSTests" */;
			buildPhases = (
				2E819E172248C0480067019A /* Sources */,
				2E819E182248C0480067019A /* Frameworks */,
				2E819E192248C0480067019A /* Resources */,
			);
			buildRules = (
			);
			dependencies = (
				2E819E1D2248C0480067019A /* PBXTargetDependency */,
			);
			name = ProjetGPSTests;
			productName = ProjetGPSTests;
			productReference = 2E819E1B2248C0480067019A /* ProjetGPSTests.xctest */;
			productType = "com.apple.product-type.bundle.unit-test";
		};
		2E819E252248C0480067019A /* ProjetGPSUITests */ = {
			isa = PBXNativeTarget;
			buildConfigurationList = 2E819E352248C0480067019A /* Build configuration list for PBXNativeTarget "ProjetGPSUITests" */;
			buildPhases = (
				2E819E222248C0480067019A /* Sources */,
				2E819E232248C0480067019A /* Frameworks */,
				2E819E242248C0480067019A /* Resources */,
			);
			buildRules = (
			);
			dependencies = (
				2E819E282248C0480067019A /* PBXTargetDependency */,
			);
			name = ProjetGPSUITests;
			productName = ProjetGPSUITests;
			productReference = 2E819E262248C0480067019A /* ProjetGPSUITests.xctest */;
			productType = "com.apple.product-type.bundle.ui-testing";
		};
/* End PBXNativeTarget section */

/* Begin PBXProject section */
		2E819DF82248C03D0067019A /* Project object */ = {
			isa = PBXProject;
			attributes = {
				LastUpgradeCheck = 0930;
				ORGANIZATIONNAME = "Groupe D";
				TargetAttributes = {
					2E819DFF2248C03D0067019A = {
						CreatedOnToolsVersion = 9.3;
					};
					2E819E1A2248C0480067019A = {
						CreatedOnToolsVersion = 9.3;
						TestTargetID = 2E819DFF2248C03D0067019A;
					};
					2E819E252248C0480067019A = {
						CreatedOnToolsVersion = 9.3;
						TestTargetID = 2E819DFF2248C03D0067019A;
					};
				};
			};
			buildConfigurationList = 2E819DFB2248C03D0067019A /* Build configuration list for PBXProject "ProjetGPS" */;
			compatibilityVersion = "Xcode 9.3";
			developmentRegion = en;
			hasScannedForEncodings = 0;
			knownRegions = (
				en,
				Base,
			);
			mainGroup = 2E819DF72248C03D0067019A;
			productRefGroup = 2E819E012248C03D0067019A /* Products */;
			projectDirPath = "";
			projectRoot = "";
			targets = (
				2E819DFF2248C03D0067019A /* ProjetGPS */,
				2E819E1A2248C0480067019A /* ProjetGPSTests */,
				2E819E252248C0480067019A /* ProjetGPSUITests */,
			);
		};
/* End PBXProject section */

/* Begin PBXResourcesBuildPhase section */
		2E819DFE2248C03D0067019A /* Resources */ = {
			isa = PBXResourcesBuildPhase;
			buildActionMask = 2147483647;
			files = (
				2E819E132248C0480067019A /* LaunchScreen.storyboard in Resources */,
				2E819E102248C0480067019A /* Assets.xcassets in Resources */,
				2E819E0E2248C03D0067019A /* Main.storyboard in Resources */,
			);
			runOnlyForDeploymentPostprocessing = 0;
		};
		2E819E192248C0480067019A /* Resources */ = {
			isa = PBXResourcesBuildPhase;
			buildActionMask = 2147483647;
			files = (
			);
			runOnlyForDeploymentPostprocessing = 0;
		};
		2E819E242248C0480067019A /* Resources */ = {
			isa = PBXResourcesBuildPhase;
			buildActionMask = 2147483647;
			files = (
			);
			runOnlyForDeploymentPostprocessing = 0;
		};
/* End PBXResourcesBuildPhase section */

/* Begin PBXSourcesBuildPhase section */
		2E819DFC2248C03D0067019A /* Sources */ = {
			isa = PBXSourcesBuildPhase;
			buildActionMask = 2147483647;
			files = (
				2E819E0B2248C03D0067019A /* SecondViewController.m in Sources */,
				2E819E052248C03D0067019A /* AppDelegate.m in Sources */,
				2E819E162248C0480067019A /* main.m in Sources */,
				2E819E082248C03D0067019A /* FirstViewController.m in Sources */,
			);
			runOnlyForDeploymentPostprocessing = 0;
		};
		2E819E172248C0480067019A /* Sources */ = {
			isa = PBXSourcesBuildPhase;
			buildActionMask = 2147483647;
			files = (
				2E819E202248C0480067019A /* ProjetGPSTests.m in Sources */,
			);
			runOnlyForDeploymentPostprocessing = 0;
		};
		2E819E222248C0480067019A /* Sources */ = {
			isa = PBXSourcesBuildPhase;
			buildActionMask = 2147483647;
			files = (
				2E819E2B2248C0480067019A /* ProjetGPSUITests.m in Sources */,
			);
			runOnlyForDeploymentPostprocessing = 0;
		};
/* End PBXSourcesBuildPhase section */

/* Begin PBXTargetDependency section */
		2E819E1D2248C0480067019A /* PBXTargetDependency */ = {
			isa = PBXTargetDependency;
			target = 2E819DFF2248C03D0067019A /* ProjetGPS */;
			targetProxy = 2E819E1C2248C0480067019A /* PBXContainerItemProxy */;
		};
		2E819E282248C0480067019A /* PBXTargetDependency */ = {
			isa = PBXTargetDependency;
			target = 2E819DFF2248C03D0067019A /* ProjetGPS */;
			targetProxy = 2E819E272248C0480067019A /* PBXContainerItemProxy */;
		};
/* End PBXTargetDependency section */

/* Begin PBXVariantGroup section */
		2E819E0C2248C03D0067019A /* Main.storyboard */ = {
			isa = PBXVariantGroup;
			children = (
				2E819E0D2248C03D0067019A /* Base */,
			);
			name = Main.storyboard;
			sourceTree = "<group>";
		};
		2E819E112248C0480067019A /* LaunchScreen.storyboard */ = {
			isa = PBXVariantGroup;
			children = (
				2E819E122248C0480067019A /* Base */,
			);
			name = LaunchScreen.storyboard;
			sourceTree = "<group>";
		};
/* End PBXVariantGroup section */

/* Begin XCBuildConfiguration section */
		2E819E2D2248C0480067019A /* Debug */ = {
			isa = XCBuildConfiguration;
			buildSettings = {
				ALWAYS_SEARCH_USER_PATHS = NO;
				CLANG_ANALYZER_NONNULL = YES;
				CLANG_ANALYZER_NUMBER_OBJECT_CONVERSION = YES_AGGRESSIVE;
				CLANG_CXX_LANGUAGE_STANDARD = "gnu++14";
				CLANG_CXX_LIBRARY = "libc++";
				CLANG_ENABLE_MODULES = YES;
				CLANG_ENABLE_OBJC_ARC = YES;
				CLANG_ENABLE_OBJC_WEAK = YES;
				CLANG_WARN_BLOCK_CAPTURE_AUTORELEASING = YES;
				CLANG_WARN_BOOL_CONVERSION = YES;
				CLANG_WARN_COMMA = YES;
				CLANG_WARN_CONSTANT_CONVERSION = YES;
				CLANG_WARN_DEPRECATED_OBJC_IMPLEMENTATIONS = YES;
				CLANG_WARN_DIRECT_OBJC_ISA_USAGE = YES_ERROR;
				CLANG_WARN_DOCUMENTATION_COMMENTS = YES;
				CLANG_WARN_EMPTY_BODY = YES;
				CLANG_WARN_ENUM_CONVERSION = YES;
				CLANG_WARN_INFINITE_RECURSION = YES;
				CLANG_WARN_INT_CONVERSION = YES;
				CLANG_WARN_NON_LITERAL_NULL_CONVERSION = YES;
				CLANG_WARN_OBJC_IMPLICIT_RETAIN_SELF = YES;
				CLANG_WARN_OBJC_LITERAL_CONVERSION = YES;
				CLANG_WARN_OBJC_ROOT_CLASS = YES_ERROR;
				CLANG_WARN_RANGE_LOOP_ANALYSIS = YES;
				CLANG_WARN_STRICT_PROTOTYPES = YES;
				CLANG_WARN_SUSPICIOUS_MOVE = YES;
				CLANG_WARN_UNGUARDED_AVAILABILITY = YES_AGGRESSIVE;
				CLANG_WARN_UNREACHABLE_CODE = YES;
				CLANG_WARN__DUPLICATE_METHOD_MATCH = YES;
				CODE_SIGN_IDENTITY = "iPhone Developer";
				COPY_PHASE_STRIP = NO;
				DEBUG_INFORMATION_FORMAT = dwarf;
				ENABLE_STRICT_OBJC_MSGSEND = YES;
				ENABLE_TESTABILITY = YES;
				GCC_C_LANGUAGE_STANDARD = gnu11;
				GCC_DYNAMIC_NO_PIC = NO;
				GCC_NO_COMMON_BLOCKS = YES;
				GCC_OPTIMIZATION_LEVEL = 0;
				GCC_PREPROCESSOR_DEFINITIONS = (
					"DEBUG=1",
					"$(inherited)",
				);
				GCC_WARN_64_TO_32_BIT_CONVERSION = YES;
				GCC_WARN_ABOUT_RETURN_TYPE = YES_ERROR;
				GCC_WARN_UNDECLARED_SELECTOR = YES;
				GCC_WARN_UNINITIALIZED_AUTOS = YES_AGGRESSIVE;
				GCC_WARN_UNUSED_FUNCTION = YES;
				GCC_WARN_UNUSED_VARIABLE = YES;
				IPHONEOS_DEPLOYMENT_TARGET = 11.3;
				MTL_ENABLE_DEBUG_INFO = YES;
				ONLY_ACTIVE_ARCH = YES;
				SDKROOT = iphoneos;
			};
			name = Debug;
		};
		2E819E2E2248C0480067019A /* Release */ = {
			isa = XCBuildConfiguration;
			buildSettings = {
				ALWAYS_SEARCH_USER_PATHS = NO;
				CLANG_ANALYZER_NONNULL = YES;
				CLANG_ANALYZER_NUMBER_OBJECT_CONVERSION = YES_AGGRESSIVE;
				CLANG_CXX_LANGUAGE_STANDARD = "gnu++14";
				CLANG_CXX_LIBRARY = "libc++";
				CLANG_ENABLE_MODULES = YES;
				CLANG_ENABLE_OBJC_ARC = YES;
				CLANG_ENABLE_OBJC_WEAK = YES;
				CLANG_WARN_BLOCK_CAPTURE_AUTORELEASING = YES;
				CLANG_WARN_BOOL_CONVERSION = YES;
				CLANG_WARN_COMMA = YES;
				CLANG_WARN_CONSTANT_CONVERSION = YES;
				CLANG_WARN_DEPRECATED_OBJC_IMPLEMENTATIONS = YES;
				CLANG_WARN_DIRECT_OBJC_ISA_USAGE = YES_ERROR;
				CLANG_WARN_DOCUMENTATION_COMMENTS = YES;
				CLANG_WARN_EMPTY_BODY = YES;
				CLANG_WARN_ENUM_CONVERSION = YES;
				CLANG_WARN_INFINITE_RECURSION = YES;
				CLANG_WARN_INT_CONVERSION = YES;
				CLANG_WARN_NON_LITERAL_NULL_CONVERSION = YES;
				CLANG_WARN_OBJC_IMPLICIT_RETAIN_SELF = YES;
				CLANG_WARN_OBJC_LITERAL_CONVERSION = YES;
				CLANG_WARN_OBJC_ROOT_CLASS = YES_ERROR;
				CLANG_WARN_RANGE_LOOP_ANALYSIS = YES;
				CLANG_WARN_STRICT_PROTOTYPES = YES;
				CLANG_WARN_SUSPICIOUS_MOVE = YES;
				CLANG_WARN_UNGUARDED_AVAILABILITY = YES_AGGRESSIVE;
				CLANG_WARN_UNREACHABLE_CODE = YES;
				CLANG_WARN__DUPLICATE_METHOD_MATCH = YES;
				CODE_SIGN_IDENTITY = "iPhone Developer";
				COPY_PHASE_STRIP = NO;
				DEBUG_INFORMATION_FORMAT = "dwarf-with-dsym";
				ENABLE_NS_ASSERTIONS = NO;
				ENABLE_STRICT_OBJC_MSGSEND = YES;
				GCC_C_LANGUAGE_STANDARD = gnu11;
				GCC_NO_COMMON_BLOCKS = YES;
				GCC_WARN_64_TO_32_BIT_CONVERSION = YES;
				GCC_WARN_ABOUT_RETURN_TYPE = YES_ERROR;
				GCC_WARN_UNDECLARED_SELECTOR = YES;
				GCC_WARN_UNINITIALIZED_AUTOS = YES_AGGRESSIVE;
				GCC_WARN_UNUSED_FUNCTION = YES;
				GCC_WARN_UNUSED_VARIABLE = YES;
				IPHONEOS_DEPLOYMENT_TARGET = 11.3;
				MTL_ENABLE_DEBUG_INFO = NO;
				SDKROOT = iphoneos;
				VALIDATE_PRODUCT = YES;
			};
			name = Release;
		};
		2E819E302248C0480067019A /* Debug */ = {
			isa = XCBuildConfiguration;
			buildSettings = {
				ASSETCATALOG_COMPILER_APPICON_NAME = AppIcon;
				CODE_SIGN_STYLE = Automatic;
				INFOPLIST_FILE = ProjetGPS/Info.plist;
				LD_RUNPATH_SEARCH_PATHS = (
					"$(inherited)",
					"@executable_path/Frameworks",
				);
				PRODUCT_BUNDLE_IDENTIFIER = GroupeD.ProjetGPS;
				PRODUCT_NAME = "$(TARGET_NAME)";
				TARGETED_DEVICE_FAMILY = "1,2";
			};
			name = Debug;
		};
		2E819E312248C0480067019A /* Release */ = {
			isa = XCBuildConfiguration;
			buildSettings = {
				ASSETCATALOG_COMPILER_APPICON_NAME = AppIcon;
				CODE_SIGN_STYLE = Automatic;
				INFOPLIST_FILE = ProjetGPS/Info.plist;
				LD_RUNPATH_SEARCH_PATHS = (
					"$(inherited)",
					"@executable_path/Frameworks",
				);
				PRODUCT_BUNDLE_IDENTIFIER = GroupeD.ProjetGPS;
				PRODUCT_NAME = "$(TARGET_NAME)";
				TARGETED_DEVICE_FAMILY = "1,2";
			};
			name = Release;
		};
		2E819E332248C0480067019A /* Debug */ = {
			isa = XCBuildConfiguration;
			buildSettings = {
				BUNDLE_LOADER = "$(TEST_HOST)";
				CODE_SIGN_STYLE = Automatic;
				INFOPLIST_FILE = ProjetGPSTests/Info.plist;
				LD_RUNPATH_SEARCH_PATHS = (
					"$(inherited)",
					"@executable_path/Frameworks",
					"@loader_path/Frameworks",
				);
				PRODUCT_BUNDLE_IDENTIFIER = GroupeD.ProjetGPSTests;
				PRODUCT_NAME = "$(TARGET_NAME)";
				TARGETED_DEVICE_FAMILY = "1,2";
				TEST_HOST = "$(BUILT_PRODUCTS_DIR)/ProjetGPS.app/ProjetGPS";
			};
			name = Debug;
		};
		2E819E342248C0480067019A /* Release */ = {
			isa = XCBuildConfiguration;
			buildSettings = {
				BUNDLE_LOADER = "$(TEST_HOST)";
				CODE_SIGN_STYLE = Automatic;
				INFOPLIST_FILE = ProjetGPSTests/Info.plist;
				LD_RUNPATH_SEARCH_PATHS = (
					"$(inherited)",
					"@executable_path/Frameworks",
					"@loader_path/Frameworks",
				);
				PRODUCT_BUNDLE_IDENTIFIER = GroupeD.ProjetGPSTests;
				PRODUCT_NAME = "$(TARGET_NAME)";
				TARGETED_DEVICE_FAMILY = "1,2";
				TEST_HOST = "$(BUILT_PRODUCTS_DIR)/ProjetGPS.app/ProjetGPS";
			};
			name = Release;
		};
		2E819E362248C0480067019A /* Debug */ = {
			isa = XCBuildConfiguration;
			buildSettings = {
				CODE_SIGN_STYLE = Automatic;
				INFOPLIST_FILE = ProjetGPSUITests/Info.plist;
				LD_RUNPATH_SEARCH_PATHS = (
					"$(inherited)",
					"@executable_path/Frameworks",
					"@loader_path/Frameworks",
				);
				PRODUCT_BUNDLE_IDENTIFIER = GroupeD.ProjetGPSUITests;
				PRODUCT_NAME = "$(TARGET_NAME)";
				TARGETED_DEVICE_FAMILY = "1,2";
				TEST_TARGET_NAME = ProjetGPS;
			};
			name = Debug;
		};
		2E819E372248C0480067019A /* Release */ = {
			isa = XCBuildConfiguration;
			buildSettings = {
				CODE_SIGN_STYLE = Automatic;
				INFOPLIST_FILE = ProjetGPSUITests/Info.plist;
				LD_RUNPATH_SEARCH_PATHS = (
					"$(inherited)",
					"@executable_path/Frameworks",
					"@loader_path/Frameworks",
				);
				PRODUCT_BUNDLE_IDENTIFIER = GroupeD.ProjetGPSUITests;
				PRODUCT_NAME = "$(TARGET_NAME)";
				TARGETED_DEVICE_FAMILY = "1,2";
				TEST_TARGET_NAME = ProjetGPS;
			};
			name = Release;
		};
/* End XCBuildConfiguration section */

/* Begin XCConfigurationList section */
		2E819DFB2248C03D0067019A /* Build configuration list for PBXProject "ProjetGPS" */ = {
			isa = XCConfigurationList;
			buildConfigurations = (
				2E819E2D2248C0480067019A /* Debug */,
				2E819E2E2248C0480067019A /* Release */,
			);
			defaultConfigurationIsVisible = 0;
			defaultConfigurationName = Release;
		};
		2E819E2F2248C0480067019A /* Build configuration list for PBXNativeTarget "ProjetGPS" */ = {
			isa = XCConfigurationList;
			buildConfigurations = (
				2E819E302248C0480067019A /* Debug */,
				2E819E312248C0480067019A /* Release */,
			);
			defaultConfigurationIsVisible = 0;
			defaultConfigurationName = Release;
		};
		2E819E322248C0480067019A /* Build configuration list for PBXNativeTarget "ProjetGPSTests" */ = {
			isa = XCConfigurationList;
			buildConfigurations = (
				2E819E332248C0480067019A /* Debug */,
				2E819E342248C0480067019A /* Release */,
			);
			defaultConfigurationIsVisible = 0;
			defaultConfigurationName = Release;
		};
		2E819E352248C0480067019A /* Build configuration list for PBXNativeTarget "ProjetGPSUITests" */ = {
			isa = XCConfigurationList;
			buildConfigurations = (
				2E819E362248C0480067019A /* Debug */,
				2E819E372248C0480067019A /* Release */,
			);
			defaultConfigurationIsVisible = 0;
			defaultConfigurationName = Release;
		};
/* End XCConfigurationList section */
	};
	rootObject = 2E819DF82248C03D0067019A /* Project object */;
}
